// !$*UTF8*$!
{
	archiveVersion = 1;
	classes = {
	};
	objectVersion = 50;
	objects = {

/* Begin PBXBuildFile section */
		D225808822F553B300A77652 /* AppDelegate.swift in Sources */ = {isa = PBXBuildFile; fileRef = D225808722F553B300A77652 /* AppDelegate.swift */; };
		D225808A22F553B300A77652 /* ViewController.swift in Sources */ = {isa = PBXBuildFile; fileRef = D225808922F553B300A77652 /* ViewController.swift */; };
		D225808D22F553B300A77652 /* Main.storyboard in Resources */ = {isa = PBXBuildFile; fileRef = D225808B22F553B300A77652 /* Main.storyboard */; };
		D225808F22F553B400A77652 /* Assets.xcassets in Resources */ = {isa = PBXBuildFile; fileRef = D225808E22F553B400A77652 /* Assets.xcassets */; };
		D225809222F553B400A77652 /* LaunchScreen.storyboard in Resources */ = {isa = PBXBuildFile; fileRef = D225809022F553B400A77652 /* LaunchScreen.storyboard */; };
		D225809B22F5544B00A77652 /* ImageCollectionCell.swift in Sources */ = {isa = PBXBuildFile; fileRef = D225809922F5544B00A77652 /* ImageCollectionCell.swift */; };
		D225809C22F5544B00A77652 /* ImageCollectionCell.xib in Resources */ = {isa = PBXBuildFile; fileRef = D225809A22F5544B00A77652 /* ImageCollectionCell.xib */; };
		D225809E22F5552100A77652 /* RoadMapLayout.swift in Sources */ = {isa = PBXBuildFile; fileRef = D225809D22F5552100A77652 /* RoadMapLayout.swift */; };
		D22580A022F5555100A77652 /* RoadMapView.swift in Sources */ = {isa = PBXBuildFile; fileRef = D225809F22F5555100A77652 /* RoadMapView.swift */; };
		D22580A222F5561900A77652 /* RoadMapLayoutAttributes.swift in Sources */ = {isa = PBXBuildFile; fileRef = D22580A122F5561900A77652 /* RoadMapLayoutAttributes.swift */; };
/* End PBXBuildFile section */

/* Begin PBXFileReference section */
		D225808422F553B300A77652 /* RoadMap.app */ = {isa = PBXFileReference; explicitFileType = wrapper.application; includeInIndex = 0; path = RoadMap.app; sourceTree = BUILT_PRODUCTS_DIR; };
		D225808722F553B300A77652 /* AppDelegate.swift */ = {isa = PBXFileReference; lastKnownFileType = sourcecode.swift; path = AppDelegate.swift; sourceTree = "<group>"; };
		D225808922F553B300A77652 /* ViewController.swift */ = {isa = PBXFileReference; lastKnownFileType = sourcecode.swift; path = ViewController.swift; sourceTree = "<group>"; };
		D225808C22F553B300A77652 /* Base */ = {isa = PBXFileReference; lastKnownFileType = file.storyboard; name = Base; path = Base.lproj/Main.storyboard; sourceTree = "<group>"; };
		D225808E22F553B400A77652 /* Assets.xcassets */ = {isa = PBXFileReference; lastKnownFileType = folder.assetcatalog; path = Assets.xcassets; sourceTree = "<group>"; };
		D225809122F553B400A77652 /* Base */ = {isa = PBXFileReference; lastKnownFileType = file.storyboard; name = Base; path = Base.lproj/LaunchScreen.storyboard; sourceTree = "<group>"; };
		D225809322F553B400A77652 /* Info.plist */ = {isa = PBXFileReference; lastKnownFileType = text.plist.xml; path = Info.plist; sourceTree = "<group>"; };
		D225809922F5544B00A77652 /* ImageCollectionCell.swift */ = {isa = PBXFileReference; lastKnownFileType = sourcecode.swift; path = ImageCollectionCell.swift; sourceTree = "<group>"; };
		D225809A22F5544B00A77652 /* ImageCollectionCell.xib */ = {isa = PBXFileReference; lastKnownFileType = file.xib; path = ImageCollectionCell.xib; sourceTree = "<group>"; };
		D225809D22F5552100A77652 /* RoadMapLayout.swift */ = {isa = PBXFileReference; lastKnownFileType = sourcecode.swift; path = RoadMapLayout.swift; sourceTree = "<group>"; };
		D225809F22F5555100A77652 /* RoadMapView.swift */ = {isa = PBXFileReference; lastKnownFileType = sourcecode.swift; path = RoadMapView.swift; sourceTree = "<group>"; };
		D22580A122F5561900A77652 /* RoadMapLayoutAttributes.swift */ = {isa = PBXFileReference; lastKnownFileType = sourcecode.swift; path = RoadMapLayoutAttributes.swift; sourceTree = "<group>"; };
/* End PBXFileReference section */

/* Begin PBXFrameworksBuildPhase section */
		D225808122F553B300A77652 /* Frameworks */ = {
			isa = PBXFrameworksBuildPhase;
			buildActionMask = 2147483647;
			files = (
			);
			runOnlyForDeploymentPostprocessing = 0;
		};
/* End PBXFrameworksBuildPhase section */

/* Begin PBXGroup section */
		D225807B22F553B300A77652 = {
			isa = PBXGroup;
			children = (
				D225808622F553B300A77652 /* RoadMap */,
				D225808522F553B300A77652 /* Products */,
			);
			sourceTree = "<group>";
		};
		D225808522F553B300A77652 /* Products */ = {
			isa = PBXGroup;
			children = (
				D225808422F553B300A77652 /* RoadMap.app */,
			);
			name = Products;
			sourceTree = "<group>";
		};
		D225808622F553B300A77652 /* RoadMap */ = {
			isa = PBXGroup;
			children = (
				D225808722F553B300A77652 /* AppDelegate.swift */,
				D22580A422F581BE00A77652 /* Controller */,
				D22580A322F581AD00A77652 /* Views */,
				D225808B22F553B300A77652 /* Main.storyboard */,
				D225808E22F553B400A77652 /* Assets.xcassets */,
				D225809022F553B400A77652 /* LaunchScreen.storyboard */,
				D225809322F553B400A77652 /* Info.plist */,
			);
			path = RoadMap;
			sourceTree = "<group>";
		};
		D22580A322F581AD00A77652 /* Views */ = {
			isa = PBXGroup;
			children = (
				D225809D22F5552100A77652 /* RoadMapLayout.swift */,
				D22580A122F5561900A77652 /* RoadMapLayoutAttributes.swift */,
				D225809F22F5555100A77652 /* RoadMapView.swift */,
				D225809922F5544B00A77652 /* ImageCollectionCell.swift */,
				D225809A22F5544B00A77652 /* ImageCollectionCell.xib */,
			);
			path = Views;
			sourceTree = "<group>";
		};
		D22580A422F581BE00A77652 /* Controller */ = {
			isa = PBXGroup;
			children = (
				D225808922F553B300A77652 /* ViewController.swift */,
			);
			path = Controller;
			sourceTree = "<group>";
		};
/* End PBXGroup section */

/* Begin PBXNativeTarget section */
		D225808322F553B300A77652 /* RoadMap */ = {
			isa = PBXNativeTarget;
			buildConfigurationList = D225809622F553B400A77652 /* Build configuration list for PBXNativeTarget "RoadMap" */;
			buildPhases = (
				D225808022F553B300A77652 /* Sources */,
				D225808122F553B300A77652 /* Frameworks */,
				D225808222F553B300A77652 /* Resources */,
			);
			buildRules = (
			);
			dependencies = (
			);
			name = RoadMap;
			productName = RoadMap;
			productReference = D225808422F553B300A77652 /* RoadMap.app */;
			productType = "com.apple.product-type.application";
		};
/* End PBXNativeTarget section */

/* Begin PBXProject section */
		D225807C22F553B300A77652 /* Project object */ = {
			isa = PBXProject;
			attributes = {
				LastSwiftUpdateCheck = 1020;
				LastUpgradeCheck = 1020;
				ORGANIZATIONNAME = "Ratnesh Jain";
				TargetAttributes = {
					D225808322F553B300A77652 = {
						CreatedOnToolsVersion = 10.2.1;
					};
				};
			};
			buildConfigurationList = D225807F22F553B300A77652 /* Build configuration list for PBXProject "RoadMap" */;
			compatibilityVersion = "Xcode 9.3";
			developmentRegion = en;
			hasScannedForEncodings = 0;
			knownRegions = (
				en,
				Base,
			);
			mainGroup = D225807B22F553B300A77652;
			productRefGroup = D225808522F553B300A77652 /* Products */;
			projectDirPath = "";
			projectRoot = "";
			targets = (
				D225808322F553B300A77652 /* RoadMap */,
			);
		};
/* End PBXProject section */

/* Begin PBXResourcesBuildPhase section */
		D225808222F553B300A77652 /* Resources */ = {
			isa = PBXResourcesBuildPhase;
			buildActionMask = 2147483647;
			files = (
				D225809222F553B400A77652 /* LaunchScreen.storyboard in Resources */,
				D225808F22F553B400A77652 /* Assets.xcassets in Resources */,
				D225808D22F553B300A77652 /* Main.storyboard in Resources */,
				D225809C22F5544B00A77652 /* ImageCollectionCell.xib in Resources */,
			);
			runOnlyForDeploymentPostprocessing = 0;
		};
/* End PBXResourcesBuildPhase section */

/* Begin PBXSourcesBuildPhase section */
		D225808022F553B300A77652 /* Sources */ = {
			isa = PBXSourcesBuildPhase;
			buildActionMask = 2147483647;
			files = (
				D225809E22F5552100A77652 /* RoadMapLayout.swift in Sources */,
				D22580A222F5561900A77652 /* RoadMapLayoutAttributes.swift in Sources */,
				D225809B22F5544B00A77652 /* ImageCollectionCell.swift in Sources */,
				D225808A22F553B300A77652 /* ViewController.swift in Sources */,
				D22580A022F5555100A77652 /* RoadMapView.swift in Sources */,
				D225808822F553B300A77652 /* AppDelegate.swift in Sources */,
			);
			runOnlyForDeploymentPostprocessing = 0;
		};
/* End PBXSourcesBuildPhase section */

/* Begin PBXVariantGroup section */
		D225808B22F553B300A77652 /* Main.storyboard */ = {
			isa = PBXVariantGroup;
			children = (
				D225808C22F553B300A77652 /* Base */,
			);
			name = Main.storyboard;
			sourceTree = "<group>";
		};
		D225809022F553B400A77652 /* LaunchScreen.storyboard */ = {
			isa = PBXVariantGroup;
			children = (
				D225809122F553B400A77652 /* Base */,
			);
			name = LaunchScreen.storyboard;
			sourceTree = "<group>";
		};
/* End PBXVariantGroup section */

/* Begin XCBuildConfiguration section */
		D225809422F553B400A77652 /* Debug */ = {
			isa = XCBuildConfiguration;
			buildSettings = {
				ALWAYS_SEARCH_USER_PATHS = NO;
				CLANG_ANALYZER_NONNULL = YES;
				CLANG_ANALYZER_NUMBER_OBJECT_CONVERSION = YES_AGGRESSIVE;
				CLANG_CXX_LANGUAGE_STANDARD = "gnu++14";
				CLANG_CXX_LIBRARY = "libc++";
				CLANG_ENABLE_MODULES = YES;
				CLANG_ENABLE_OBJC_ARC = YES;
				CLANG_ENABLE_OBJC_WEAK = YES;
				CLANG_WARN_BLOCK_CAPTURE_AUTORELEASING = YES;
				CLANG_WARN_BOOL_CONVERSION = YES;
				CLANG_WARN_COMMA = YES;
				CLANG_WARN_CONSTANT_CONVERSION = YES;
				CLANG_WARN_DEPRECATED_OBJC_IMPLEMENTATIONS = YES;
				CLANG_WARN_DIRECT_OBJC_ISA_USAGE = YES_ERROR;
				CLANG_WARN_DOCUMENTATION_COMMENTS = YES;
				CLANG_WARN_EMPTY_BODY = YES;
				CLANG_WARN_ENUM_CONVERSION = YES;
				CLANG_WARN_INFINITE_RECURSION = YES;
				CLANG_WARN_INT_CONVERSION = YES;
				CLANG_WARN_NON_LITERAL_NULL_CONVERSION = YES;
				CLANG_WARN_OBJC_IMPLICIT_RETAIN_SELF = YES;
				CLANG_WARN_OBJC_LITERAL_CONVERSION = YES;
				CLANG_WARN_OBJC_ROOT_CLASS = YES_ERROR;
				CLANG_WARN_RANGE_LOOP_ANALYSIS = YES;
				CLANG_WARN_STRICT_PROTOTYPES = YES;
				CLANG_WARN_SUSPICIOUS_MOVE = YES;
				CLANG_WARN_UNGUARDED_AVAILABILITY = YES_AGGRESSIVE;
				CLANG_WARN_UNREACHABLE_CODE = YES;
				CLANG_WARN__DUPLICATE_METHOD_MATCH = YES;
				CODE_SIGN_IDENTITY = "iPhone Developer";
				COPY_PHASE_STRIP = NO;
				DEBUG_INFORMATION_FORMAT = dwarf;
				ENABLE_STRICT_OBJC_MSGSEND = YES;
				ENABLE_TESTABILITY = YES;
				GCC_C_LANGUAGE_STANDARD = gnu11;
				GCC_DYNAMIC_NO_PIC = NO;
				GCC_NO_COMMON_BLOCKS = YES;
				GCC_OPTIMIZATION_LEVEL = 0;
				GCC_PREPROCESSOR_DEFINITIONS = (
					"DEBUG=1",
					"$(inherited)",
				);
				GCC_WARN_64_TO_32_BIT_CONVERSION = YES;
				GCC_WARN_ABOUT_RETURN_TYPE = YES_ERROR;
				GCC_WARN_UNDECLARED_SELECTOR = YES;
				GCC_WARN_UNINITIALIZED_AUTOS = YES_AGGRESSIVE;
				GCC_WARN_UNUSED_FUNCTION = YES;
				GCC_WARN_UNUSED_VARIABLE = YES;
				IPHONEOS_DEPLOYMENT_TARGET = 12.2;
				MTL_ENABLE_DEBUG_INFO = INCLUDE_SOURCE;
				MTL_FAST_MATH = YES;
				ONLY_ACTIVE_ARCH = YES;
				SDKROOT = iphoneos;
				SWIFT_ACTIVE_COMPILATION_CONDITIONS = DEBUG;
				SWIFT_OPTIMIZATION_LEVEL = "-Onone";
			};
			name = Debug;
		};
		D225809522F553B400A77652 /* Release */ = {
			isa = XCBuildConfiguration;
			buildSettings = {
				ALWAYS_SEARCH_USER_PATHS = NO;
				CLANG_ANALYZER_NONNULL = YES;
				CLANG_ANALYZER_NUMBER_OBJECT_CONVERSION = YES_AGGRESSIVE;
				CLANG_CXX_LANGUAGE_STANDARD = "gnu++14";
				CLANG_CXX_LIBRARY = "libc++";
				CLANG_ENABLE_MODULES = YES;
				CLANG_ENABLE_OBJC_ARC = YES;
				CLANG_ENABLE_OBJC_WEAK = YES;
				CLANG_WARN_BLOCK_CAPTURE_AUTORELEASING = YES;
				CLANG_WARN_BOOL_CONVERSION = YES;
				CLANG_WARN_COMMA = YES;
				CLANG_WARN_CONSTANT_CONVERSION = YES;
				CLANG_WARN_DEPRECATED_OBJC_IMPLEMENTATIONS = YES;
				CLANG_WARN_DIRECT_OBJC_ISA_USAGE = YES_ERROR;
				CLANG_WARN_DOCUMENTATION_COMMENTS = YES;
				CLANG_WARN_EMPTY_BODY = YES;
				CLANG_WARN_ENUM_CONVERSION = YES;
				CLANG_WARN_INFINITE_RECURSION = YES;
				CLANG_WARN_INT_CONVERSION = YES;
				CLANG_WARN_NON_LITERAL_NULL_CONVERSION = YES;
				CLANG_WARN_OBJC_IMPLICIT_RETAIN_SELF = YES;
				CLANG_WARN_OBJC_LITERAL_CONVERSION = YES;
				CLANG_WARN_OBJC_ROOT_CLASS = YES_ERROR;
				CLANG_WARN_RANGE_LOOP_ANALYSIS = YES;
				CLANG_WARN_STRICT_PROTOTYPES = YES;
				CLANG_WARN_SUSPICIOUS_MOVE = YES;
				CLANG_WARN_UNGUARDED_AVAILABILITY = YES_AGGRESSIVE;
				CLANG_WARN_UNREACHABLE_CODE = YES;
				CLANG_WARN__DUPLICATE_METHOD_MATCH = YES;
				CODE_SIGN_IDENTITY = "iPhone Developer";
				COPY_PHASE_STRIP = NO;
				DEBUG_INFORMATION_FORMAT = "dwarf-with-dsym";
				ENABLE_NS_ASSERTIONS = NO;
				ENABLE_STRICT_OBJC_MSGSEND = YES;
				GCC_C_LANGUAGE_STANDARD = gnu11;
				GCC_NO_COMMON_BLOCKS = YES;
				GCC_WARN_64_TO_32_BIT_CONVERSION = YES;
				GCC_WARN_ABOUT_RETURN_TYPE = YES_ERROR;
				GCC_WARN_UNDECLARED_SELECTOR = YES;
				GCC_WARN_UNINITIALIZED_AUTOS = YES_AGGRESSIVE;
				GCC_WARN_UNUSED_FUNCTION = YES;
				GCC_WARN_UNUSED_VARIABLE = YES;
				IPHONEOS_DEPLOYMENT_TARGET = 12.2;
				MTL_ENABLE_DEBUG_INFO = NO;
				MTL_FAST_MATH = YES;
				SDKROOT = iphoneos;
				SWIFT_COMPILATION_MODE = wholemodule;
				SWIFT_OPTIMIZATION_LEVEL = "-O";
				VALIDATE_PRODUCT = YES;
			};
			name = Release;
		};
		D225809722F553B400A77652 /* Debug */ = {
			isa = XCBuildConfiguration;
			buildSettings = {
				ASSETCATALOG_COMPILER_APPICON_NAME = AppIcon;
				CODE_SIGN_STYLE = Automatic;
				DEVELOPMENT_TEAM = MFK34378Q2;
				INFOPLIST_FILE = RoadMap/Info.plist;
				LD_RUNPATH_SEARCH_PATHS = (
					"$(inherited)",
					"@executable_path/Frameworks",
				);
				PRODUCT_BUNDLE_IDENTIFIER = com.neilsultimatelab.RoadMap;
				PRODUCT_NAME = "$(TARGET_NAME)";
				SWIFT_VERSION = 5.0;
				TARGETED_DEVICE_FAMILY = "1,2";
			};
			name = Debug;
		};
		D225809822F553B400A77652 /* Release */ = {
			isa = XCBuildConfiguration;
			buildSettings = {
				ASSETCATALOG_COMPILER_APPICON_NAME = AppIcon;
				CODE_SIGN_STYLE = Automatic;
				DEVELOPMENT_TEAM = MFK34378Q2;
				INFOPLIST_FILE = RoadMap/Info.plist;
				LD_RUNPATH_SEARCH_PATHS = (
					"$(inherited)",
					"@executable_path/Frameworks",
				);
				PRODUCT_BUNDLE_IDENTIFIER = com.neilsultimatelab.RoadMap;
				PRODUCT_NAME = "$(TARGET_NAME)";
				SWIFT_VERSION = 5.0;
				TARGETED_DEVICE_FAMILY = "1,2";
			};
			name = Release;
		};
/* End XCBuildConfiguration section */

/* Begin XCConfigurationList section */
		D225807F22F553B300A77652 /* Build configuration list for PBXProject "RoadMap" */ = {
			isa = XCConfigurationList;
			buildConfigurations = (
				D225809422F553B400A77652 /* Debug */,
				D225809522F553B400A77652 /* Release */,
			);
			defaultConfigurationIsVisible = 0;
			defaultConfigurationName = Release;
		};
		D225809622F553B400A77652 /* Build configuration list for PBXNativeTarget "RoadMap" */ = {
			isa = XCConfigurationList;
			buildConfigurations = (
				D225809722F553B400A77652 /* Debug */,
				D225809822F553B400A77652 /* Release */,
			);
			defaultConfigurationIsVisible = 0;
			defaultConfigurationName = Release;
		};
/* End XCConfigurationList section */
	};
	rootObject = D225807C22F553B300A77652 /* Project object */;
}
